schema: '2.0'
stages:
  data_cleaning:
    cmd: python src/data/data_cleaning.py
    deps:
    - path: data/raw/swiggy.csv
      hash: md5
      md5: 0b050b37dfe6cfbfaa18d7cb4e454377
      size: 7772212
    - path: src/data/data_cleaning.py
      hash: md5
      md5: f5ad421aafd57c91a1366fef5b226570
      size: 9519
    outs:
    - path: data/cleaned/swiggy_cleaned.csv
      hash: md5
      md5: 4918716e52fc57babdcd400dfb3c3f29
      size: 4508527
  data_preparation:
    cmd: python src/data/data_preparation.py
    deps:
    - path: data/cleaned/swiggy_cleaned.csv
      hash: md5
      md5: 4918716e52fc57babdcd400dfb3c3f29
      size: 4508527
    - path: src/data/data_preparation.py
      hash: md5
      md5: b97a07258b547e03768bab50f2f670ea
      size: 3007
    params:
      params.yaml:
        Data_Preparation.random_state: 10
        Data_Preparation.test_size: 0.25
    outs:
    - path: data/interim/test.csv
      hash: md5
      md5: 3b8db68f9ebeb3216ee5bbcd2b70c05f
      size: 1125482
    - path: data/interim/train.csv
      hash: md5
      md5: c63ddc9663db01f197ad65ebf395b71c
      size: 3380087
  data_preprocessing:
    cmd: python src/features/data_preprocessing.py
    deps:
    - path: data/interim/test.csv
      hash: md5
      md5: 3b8db68f9ebeb3216ee5bbcd2b70c05f
      size: 1125482
    - path: data/interim/train.csv
      hash: md5
      md5: c63ddc9663db01f197ad65ebf395b71c
      size: 3380087
    - path: src/features/data_preprocessing.py
      hash: md5
      md5: 35e50c87c02a387a08216744c7e31670
      size: 6943
    outs:
    - path: data/processed/test_trans.csv
      hash: md5
      md5: 2879e1ff052efea94bd41d2abbf1b6d7
      size: 1349816
    - path: data/processed/train_trans.csv
      hash: md5
      md5: 4dcad0f63f13a2c80e9d0f1032ac65c8
      size: 4068917
    - path: models/preprocessor.joblib
      hash: md5
      md5: 9a4f7b02b3a0affbfc9264a9f0bf8514
      size: 8189
  train:
    cmd: python src/models/train.py
    deps:
    - path: data/processed/train_trans.csv
      hash: md5
      md5: 4dcad0f63f13a2c80e9d0f1032ac65c8
      size: 4068917
    - path: src/models/train.py
      hash: md5
      md5: b7b69ed8e77672b21bfffc93336aa161
      size: 4910
    params:
      params.yaml:
        Train.LightGBM:
          n_estimators: 154
          max_depth: 27
          learning_rate: 0.22234435854395157
          subsample: 0.7592213724048168
          min_child_weight: 20
          min_split_gain: 0.004604680609280751
          reg_lambda: 97.81002379097947
          n_jobs: -1
        Train.Random_Forest:
          n_estimators: 479
          criterion: squared_error
          max_depth: 17
          max_features: 1
          min_samples_split: 9
          min_samples_leaf: 2
          max_samples: 0.6603673526197066
          verbose: 1
          n_jobs: -1
    outs:
    - path: models/model.joblib
      hash: md5
      md5: 9fb4e724aff77b539808f1cdd16f9df4
      size: 150507944
    - path: models/power_transformer.joblib
      hash: md5
      md5: bf38856db60c7207d9696cdfe3a98b41
      size: 837
    - path: models/stacking_regressor.joblib
      hash: md5
      md5: f678145ec9790408111337186665d8d1
      size: 150496410
  evaluation:
    cmd: python src/models/evaluation.py
    deps:
    - path: data/processed/test_trans.csv
      hash: md5
      md5: 2879e1ff052efea94bd41d2abbf1b6d7
      size: 1349816
    - path: data/processed/train_trans.csv
      hash: md5
      md5: 4dcad0f63f13a2c80e9d0f1032ac65c8
      size: 4068917
    - path: models/model.joblib
      hash: md5
      md5: 9fb4e724aff77b539808f1cdd16f9df4
      size: 150507944
    - path: src/models/evaluation.py
      hash: md5
      md5: b2452c28b240a71edd2accb974687613
      size: 6076
    outs:
    - path: run_information.json
      hash: md5
      md5: 95a8aeea5535bf02cd35798e06600428
      size: 220
  register_model:
    cmd: python src/models/register_model.py
    deps:
    - path: run_information.json
      hash: md5
      md5: 95a8aeea5535bf02cd35798e06600428
      size: 220
    - path: src/models/register_model.py
      hash: md5
      md5: 23e1e8d9597ee812ec286d5c77bf8f4d
      size: 2212
